
Microsoft Visual Studio Solution File, Format Version 12.00
# Visual Studio Version 16
VisualStudioVersion = 16.0.29418.71
MinimumVisualStudioVersion = 10.0.40219.1
Project("{888888A0-9F3D-457C-B088-3A5042F75D52}") = "last.fm_crawler", "last.fm_crawler.pyproj", "{9D3C751E-F002-47FF-A729-46DBF3328280}"
EndProject
Global
	GlobalSection(SolutionConfigurationPlatforms) = preSolution
		Debug|Any CPU = Debug|Any CPU
		Release|Any CPU = Release|Any CPU
	EndGlobalSection
	GlobalSection(ProjectConfigurationPlatforms) = postSolution
		{9D3C751E-F002-47FF-A729-46DBF3328280}.Debug|Any CPU.ActiveCfg = Debug|Any CPU
		{9D3C751E-F002-47FF-A729-46DBF3328280}.Release|Any CPU.ActiveCfg = Release|Any CPU
	EndGlobalSection
	GlobalSection(SolutionProperties) = preSolution
		HideSolutionNode = FALSE
	EndGlobalSection
	GlobalSection(ExtensibilityGlobals) = postSolution
		SolutionGuid = {3B09E841-F17B-4883-BB42-A8EB05D91D46}
	EndGlobalSection
EndGlobal
